
Microsoft Visual Studio Solution File, Format Version 12.00
# Visual Studio Version 17
VisualStudioVersion = 17.3.32804.467
MinimumVisualStudioVersion = 10.0.40219.1
Project("{FAE04EC0-301F-11D3-BF4B-00C04F79EFBC}") = "ColoringNumbers", "ColoringNumbers\ColoringNumbers.csproj", "{3F1AA589-AA92-4E57-BDBD-10A7452B8FEE}"
EndProject
Global
	GlobalSection(SolutionConfigurationPlatforms) = preSolution
		Debug|Any CPU = Debug|Any CPU
		Release|Any CPU = Release|Any CPU
	EndGlobalSection
	GlobalSection(ProjectConfigurationPlatforms) = postSolution
		{3F1AA589-AA92-4E57-BDBD-10A7452B8FEE}.Debug|Any CPU.ActiveCfg = Debug|Any CPU
		{3F1AA589-AA92-4E57-BDBD-10A7452B8FEE}.Debug|Any CPU.Build.0 = Debug|Any CPU
		{3F1AA589-AA92-4E57-BDBD-10A7452B8FEE}.Release|Any CPU.ActiveCfg = Release|Any CPU
		{3F1AA589-AA92-4E57-BDBD-10A7452B8FEE}.Release|Any CPU.Build.0 = Release|Any CPU
	EndGlobalSection
	GlobalSection(SolutionProperties) = preSolution
		HideSolutionNode = FALSE
	EndGlobalSection
	GlobalSection(ExtensibilityGlobals) = postSolution
		SolutionGuid = {E3BA5087-FCA2-492A-9251-C64ED0C9BE28}
	EndGlobalSection
EndGlobal
